
Microsoft Visual Studio Solution File, Format Version 12.00
# Visual Studio Version 17
VisualStudioVersion = 17.1.32407.343
MinimumVisualStudioVersion = 10.0.40219.1
Project("{FAE04EC0-301F-11D3-BF4B-00C04F79EFBC}") = "FirstConsoleApp1", "FirstConsoleApp1\FirstConsoleApp1.csproj", "{D55720A0-265D-4897-AD2C-9D36562A738C}"
EndProject
Global
	GlobalSection(SolutionConfigurationPlatforms) = preSolution
		Debug|Any CPU = Debug|Any CPU
		Release|Any CPU = Release|Any CPU
	EndGlobalSection
	GlobalSection(ProjectConfigurationPlatforms) = postSolution
		{D55720A0-265D-4897-AD2C-9D36562A738C}.Debug|Any CPU.ActiveCfg = Debug|Any CPU
		{D55720A0-265D-4897-AD2C-9D36562A738C}.Debug|Any CPU.Build.0 = Debug|Any CPU
		{D55720A0-265D-4897-AD2C-9D36562A738C}.Release|Any CPU.ActiveCfg = Release|Any CPU
		{D55720A0-265D-4897-AD2C-9D36562A738C}.Release|Any CPU.Build.0 = Release|Any CPU
	EndGlobalSection
	GlobalSection(SolutionProperties) = preSolution
		HideSolutionNode = FALSE
	EndGlobalSection
	GlobalSection(ExtensibilityGlobals) = postSolution
		SolutionGuid = {BE08B0D3-407B-4CB5-B280-1BCD1CC892CD}
	EndGlobalSection
EndGlobal
